
Microsoft Visual Studio Solution File, Format Version 12.00
# Visual Studio Version 16
VisualStudioVersion = 16.0.29613.14
MinimumVisualStudioVersion = 10.0.40219.1
Project("{888888A0-9F3D-457C-B088-3A5042F75D52}") = "AdventOfCode2020", "AdventOfCode2020\AdventOfCode2020.pyproj", "{27BCFDD9-ADF3-422A-811E-A67A6EE7D136}"
EndProject
Global
	GlobalSection(SolutionConfigurationPlatforms) = preSolution
		Debug|Any CPU = Debug|Any CPU
		Release|Any CPU = Release|Any CPU
	EndGlobalSection
	GlobalSection(ProjectConfigurationPlatforms) = postSolution
		{27BCFDD9-ADF3-422A-811E-A67A6EE7D136}.Debug|Any CPU.ActiveCfg = Debug|Any CPU
		{27BCFDD9-ADF3-422A-811E-A67A6EE7D136}.Release|Any CPU.ActiveCfg = Release|Any CPU
	EndGlobalSection
	GlobalSection(SolutionProperties) = preSolution
		HideSolutionNode = FALSE
	EndGlobalSection
	GlobalSection(ExtensibilityGlobals) = postSolution
		SolutionGuid = {0734BF18-077C-4A88-AD1A-610E7639AE4C}
	EndGlobalSection
EndGlobal
